
Microsoft Visual Studio Solution File, Format Version 12.00
# Visual Studio Version 16
VisualStudioVersion = 16.0.29728.190
MinimumVisualStudioVersion = 10.0.40219.1
Project("{9A19103F-16F7-4668-BE54-9A1E7A4F7556}") = "ASP_NET_MVC_Labb2", "ASP_NET_MVC_Labb2\ASP_NET_MVC_Labb2.csproj", "{09C342F8-89DC-4710-AD1A-532E74D328E4}"
EndProject
Global
	GlobalSection(SolutionConfigurationPlatforms) = preSolution
		Debug|Any CPU = Debug|Any CPU
		Release|Any CPU = Release|Any CPU
	EndGlobalSection
	GlobalSection(ProjectConfigurationPlatforms) = postSolution
		{09C342F8-89DC-4710-AD1A-532E74D328E4}.Debug|Any CPU.ActiveCfg = Debug|Any CPU
		{09C342F8-89DC-4710-AD1A-532E74D328E4}.Debug|Any CPU.Build.0 = Debug|Any CPU
		{09C342F8-89DC-4710-AD1A-532E74D328E4}.Release|Any CPU.ActiveCfg = Release|Any CPU
		{09C342F8-89DC-4710-AD1A-532E74D328E4}.Release|Any CPU.Build.0 = Release|Any CPU
	EndGlobalSection
	GlobalSection(SolutionProperties) = preSolution
		HideSolutionNode = FALSE
	EndGlobalSection
	GlobalSection(ExtensibilityGlobals) = postSolution
		SolutionGuid = {ED2EAB64-2E6E-4337-B7A1-02F789D1234A}
	EndGlobalSection
EndGlobal
